
Microsoft Visual Studio Solution File, Format Version 12.00
# Visual Studio Version 17
VisualStudioVersion = 17.1.32421.90
MinimumVisualStudioVersion = 10.0.40219.1
Project("{FAE04EC0-301F-11D3-BF4B-00C04F79EFBC}") = "BB Queue", "BB Queue\BB Queue.csproj", "{2C780E3A-8326-4C46-BFEB-C177008114B7}"
EndProject
Global
	GlobalSection(SolutionConfigurationPlatforms) = preSolution
		Debug|Any CPU = Debug|Any CPU
		Release|Any CPU = Release|Any CPU
	EndGlobalSection
	GlobalSection(ProjectConfigurationPlatforms) = postSolution
		{2C780E3A-8326-4C46-BFEB-C177008114B7}.Debug|Any CPU.ActiveCfg = Debug|Any CPU
		{2C780E3A-8326-4C46-BFEB-C177008114B7}.Debug|Any CPU.Build.0 = Debug|Any CPU
		{2C780E3A-8326-4C46-BFEB-C177008114B7}.Release|Any CPU.ActiveCfg = Release|Any CPU
		{2C780E3A-8326-4C46-BFEB-C177008114B7}.Release|Any CPU.Build.0 = Release|Any CPU
	EndGlobalSection
	GlobalSection(SolutionProperties) = preSolution
		HideSolutionNode = FALSE
	EndGlobalSection
	GlobalSection(ExtensibilityGlobals) = postSolution
		SolutionGuid = {B83BF237-5021-4B3F-A0DE-1F27681B6F66}
	EndGlobalSection
EndGlobal
